
Microsoft Visual Studio Solution File, Format Version 12.00
Project("{FAE04EC0-301F-11D3-BF4B-00C04F79EFBC}") = "TestTableaux2", "TestTableaux2\TestTableaux2.csproj", "{573DC414-CADC-4B23-838B-A4950B4A5613}"
EndProject
Global
	GlobalSection(SolutionConfigurationPlatforms) = preSolution
		Debug|Any CPU = Debug|Any CPU
		Release|Any CPU = Release|Any CPU
	EndGlobalSection
	GlobalSection(ProjectConfigurationPlatforms) = postSolution
		{573DC414-CADC-4B23-838B-A4950B4A5613}.Debug|Any CPU.ActiveCfg = Debug|Any CPU
		{573DC414-CADC-4B23-838B-A4950B4A5613}.Debug|Any CPU.Build.0 = Debug|Any CPU
		{573DC414-CADC-4B23-838B-A4950B4A5613}.Release|Any CPU.ActiveCfg = Release|Any CPU
		{573DC414-CADC-4B23-838B-A4950B4A5613}.Release|Any CPU.Build.0 = Release|Any CPU
	EndGlobalSection
EndGlobal
